{
  "nodes": {
    "nixpkgs": {
      "locked": {
        "lastModified": 1655562720,
        "narHash": "sha256-OrN8DkBRZqZMzMuECuQNvSQ5gWoFBCxDvxYXjIQ/pH0=",
        "owner": "NixOS",
        "repo": "nixpkgs",
        "rev": "27dffce7eaa9648b4a13a461e786f169a17c0889",
        "type": "github"
      },
      "original": {
        "owner": "NixOS",
        "ref": "nixos-21.11-small",
        "repo": "nixpkgs",
        "type": "github"
      }
    },
    "root": {
      "inputs": {
        "nixpkgs": "nixpkgs"
      }
    }
  },
  "root": "root",
  "version": 7
}
